
Microsoft Visual Studio Solution File, Format Version 12.00
# Visual Studio 15
VisualStudioVersion = 15.0.28307.329
MinimumVisualStudioVersion = 10.0.40219.1
Project("{9A19103F-16F7-4668-BE54-9A1E7A4F7556}") = "IL.SolutionBuilder.Entities", "IL.SolutionBuilder.Entities\IL.SolutionBuilder.Entities.csproj", "{17BB9626-6E67-4FAA-8D46-F4A087EDE690}"
EndProject
Project("{9A19103F-16F7-4668-BE54-9A1E7A4F7556}") = "IL.SolutionBuilder.DataAccess", "IL.SolutionBuilder.DataAccess\IL.SolutionBuilder.DataAccess.csproj", "{1D0AA690-B7E8-499F-8781-828CD9626A90}"
EndProject
Project("{9A19103F-16F7-4668-BE54-9A1E7A4F7556}") = "IL.SolutionBuilder.Business", "IL.SolutionBuilder.Business\IL.SolutionBuilder.Business.csproj", "{19FC781B-1873-47AD-B388-07345E72C1F0}"
EndProject
Project("{9A19103F-16F7-4668-BE54-9A1E7A4F7556}") = "IL.SolutionBuilder.Web.MvcCore", "IL.SolutionBuilder.Web.MvcCore\IL.SolutionBuilder.Web.MvcCore.csproj", "{5A729EEF-EA19-430C-9DCB-EE3105E3423E}"
EndProject
Project("{9A19103F-16F7-4668-BE54-9A1E7A4F7556}") = "IL.Core", "IL.Core\IL.Core.csproj", "{13CA5734-9E24-46D6-8B56-F913C26CCE52}"
EndProject
Global
	GlobalSection(SolutionConfigurationPlatforms) = preSolution
		Debug|Any CPU = Debug|Any CPU
		Release|Any CPU = Release|Any CPU
	EndGlobalSection
	GlobalSection(ProjectConfigurationPlatforms) = postSolution
		{17BB9626-6E67-4FAA-8D46-F4A087EDE690}.Debug|Any CPU.ActiveCfg = Debug|Any CPU
		{17BB9626-6E67-4FAA-8D46-F4A087EDE690}.Debug|Any CPU.Build.0 = Debug|Any CPU
		{17BB9626-6E67-4FAA-8D46-F4A087EDE690}.Release|Any CPU.ActiveCfg = Release|Any CPU
		{17BB9626-6E67-4FAA-8D46-F4A087EDE690}.Release|Any CPU.Build.0 = Release|Any CPU
		{1D0AA690-B7E8-499F-8781-828CD9626A90}.Debug|Any CPU.ActiveCfg = Debug|Any CPU
		{1D0AA690-B7E8-499F-8781-828CD9626A90}.Debug|Any CPU.Build.0 = Debug|Any CPU
		{1D0AA690-B7E8-499F-8781-828CD9626A90}.Release|Any CPU.ActiveCfg = Release|Any CPU
		{1D0AA690-B7E8-499F-8781-828CD9626A90}.Release|Any CPU.Build.0 = Release|Any CPU
		{19FC781B-1873-47AD-B388-07345E72C1F0}.Debug|Any CPU.ActiveCfg = Debug|Any CPU
		{19FC781B-1873-47AD-B388-07345E72C1F0}.Debug|Any CPU.Build.0 = Debug|Any CPU
		{19FC781B-1873-47AD-B388-07345E72C1F0}.Release|Any CPU.ActiveCfg = Release|Any CPU
		{19FC781B-1873-47AD-B388-07345E72C1F0}.Release|Any CPU.Build.0 = Release|Any CPU
		{5A729EEF-EA19-430C-9DCB-EE3105E3423E}.Debug|Any CPU.ActiveCfg = Debug|Any CPU
		{5A729EEF-EA19-430C-9DCB-EE3105E3423E}.Debug|Any CPU.Build.0 = Debug|Any CPU
		{5A729EEF-EA19-430C-9DCB-EE3105E3423E}.Release|Any CPU.ActiveCfg = Release|Any CPU
		{5A729EEF-EA19-430C-9DCB-EE3105E3423E}.Release|Any CPU.Build.0 = Release|Any CPU
		{13CA5734-9E24-46D6-8B56-F913C26CCE52}.Debug|Any CPU.ActiveCfg = Debug|Any CPU
		{13CA5734-9E24-46D6-8B56-F913C26CCE52}.Debug|Any CPU.Build.0 = Debug|Any CPU
		{13CA5734-9E24-46D6-8B56-F913C26CCE52}.Release|Any CPU.ActiveCfg = Release|Any CPU
		{13CA5734-9E24-46D6-8B56-F913C26CCE52}.Release|Any CPU.Build.0 = Release|Any CPU
	EndGlobalSection
	GlobalSection(SolutionProperties) = preSolution
		HideSolutionNode = FALSE
	EndGlobalSection
	GlobalSection(ExtensibilityGlobals) = postSolution
		SolutionGuid = {256F2E14-952F-4AD7-A062-557510DEACC5}
	EndGlobalSection
EndGlobal
